{
    "version": 3,
    "terraform_version": "0.11.13",
    "serial": 13,
    "lineage": "e7b98ea3-aede-e6a8-945f-09762a19778a",
    "modules": [
        {
            "path": [
                "root"
            ],
            "outputs": {},
            "resources": {
                "aws_iam_instance_profile.ansible-iam-instance-profile": {
                    "type": "aws_iam_instance_profile",
                    "depends_on": [
                        "aws_iam_role.ansible-iam-role"
                    ],
                    "primary": {
                        "id": "ansible-iam-instance-profile",
                        "attributes": {
                            "arn": "arn:aws:iam::780781222336:instance-profile/ansible-iam-instance-profile",
                            "create_date": "2019-04-23T18:34:59Z",
                            "id": "ansible-iam-instance-profile",
                            "name": "ansible-iam-instance-profile",
                            "path": "/",
                            "role": "ansible-iam-role",
                            "roles.#": "0",
                            "unique_id": "AIPA3LSRP7HAOQCSWGGZE"
                        },
                        "meta": {},
                        "tainted": false
                    },
                    "deposed": [],
                    "provider": "provider.aws"
                },
                "aws_iam_role.ansible-iam-role": {
                    "type": "aws_iam_role",
                    "depends_on": [],
                    "primary": {
                        "id": "ansible-iam-role",
                        "attributes": {
                            "arn": "arn:aws:iam::780781222336:role/ansible-iam-role",
                            "assume_role_policy": "{\"Version\":\"2012-10-17\",\"Statement\":[{\"Sid\":\"\",\"Effect\":\"Allow\",\"Principal\":{\"Service\":\"ec2.amazonaws.com\"},\"Action\":\"sts:AssumeRole\"}]}",
                            "create_date": "2019-04-24T12:27:04Z",
                            "description": "",
                            "force_detach_policies": "false",
                            "id": "ansible-iam-role",
                            "max_session_duration": "3600",
                            "name": "ansible-iam-role",
                            "path": "/",
                            "tags.%": "0",
                            "unique_id": "AROA3LSRP7HAP3SBO3YTE"
                        },
                        "meta": {},
                        "tainted": false
                    },
                    "deposed": [],
                    "provider": "provider.aws"
                },
                "aws_iam_role_policy.ansible-iam-role-policy": {
                    "type": "aws_iam_role_policy",
                    "depends_on": [
                        "aws_iam_role.ansible-iam-role"
                    ],
                    "primary": {
                        "id": "ansible-iam-role:ansible-iam-role-policy",
                        "attributes": {
                            "id": "ansible-iam-role:ansible-iam-role-policy",
                            "name": "ansible-iam-role-policy",
                            "policy": "{\n    \"Version\": \"2012-10-17\",\n    \"Statement\": [\n        {\n            \"Action\": \"ec2:*\",\n            \"Effect\": \"Allow\",\n            \"Resource\": \"*\"\n        },\n        {\n            \"Effect\": \"Allow\",\n            \"Action\": \"elasticloadbalancing:*\",\n            \"Resource\": \"*\"\n        },\n        {\n            \"Effect\": \"Allow\",\n            \"Action\": \"cloudwatch:*\",\n            \"Resource\": \"*\"\n        },\n        {\n            \"Effect\": \"Allow\",\n            \"Action\": \"autoscaling:*\",\n            \"Resource\": \"*\"\n        },\n        {\n            \"Effect\": \"Allow\",\n            \"Action\": \"iam:CreateServiceLinkedRole\",\n            \"Resource\": \"*\",\n            \"Condition\": {\n                \"StringEquals\": {\n                    \"iam:AWSServiceName\": [\n                        \"autoscaling.amazonaws.com\",\n                        \"ec2scheduled.amazonaws.com\",\n                        \"elasticloadbalancing.amazonaws.com\",\n                        \"spot.amazonaws.com\",\n                        \"spotfleet.amazonaws.com\",\n                        \"transitgateway.amazonaws.com\"\n                    ]\n                }\n            }\n        }\n    ]\n}\n",
                            "role": "ansible-iam-role"
                        },
                        "meta": {},
                        "tainted": false
                    },
                    "deposed": [],
                    "provider": "provider.aws"
                },
                "aws_internet_gateway.LAMP_TF_vpc_inet_gw": {
                    "type": "aws_internet_gateway",
                    "depends_on": [
                        "aws_vpc.LAMP_TF_vpc"
                    ],
                    "primary": {
                        "id": "igw-061f136d115ca3dba",
                        "attributes": {
                            "id": "igw-061f136d115ca3dba",
                            "owner_id": "780781222336",
                            "tags.%": "1",
                            "tags.Name": "LAMP_TF_vpc_inet_gw",
                            "vpc_id": "vpc-037bad088d8eb6a41"
                        },
                        "meta": {},
                        "tainted": false
                    },
                    "deposed": [],
                    "provider": "provider.aws"
                },
                "aws_key_pair.LAMP_key_pair": {
                    "type": "aws_key_pair",
                    "depends_on": [],
                    "primary": {
                        "id": "LAMP_kp",
                        "attributes": {
                            "fingerprint": "ff:91:0a:d8:53:c0:b7:8f:47:16:c9:f3:be:1d:d4:83",
                            "id": "LAMP_kp",
                            "key_name": "LAMP_kp",
                            "public_key": "ssh-rsa AAAAB3NzaC1yc2EAAAADAQABAAABAQC8ojnHI/lgpjt5rvs9MTFKaPdxQ86PCF/qTyWnCi9VOAPssr3eZt6kChImy8CM1aLFYyulFjOiL4GJOtKhyfZj/yiNBA/Uw8XmWt0kAApbj0B0EH/HuzrheTh1rnDLDjNCDkmy5G5LElp2wjJOZRYrfcQfDvAqbwEItLO91QnykZadWEDO4gchc4dO918QDIa/+df1oSd9LJ3kEqAq9hF0M9+sFEAefjCmFP7NCpWym8e9fDgQCJp+53dEeeSx+fOB4g5r83aXgv/G6sQJcjiwaM66k+FYVd9d1Mty1gHwvIkL9SvAnxu9LlkVLmBJ5aeHdY986xAACIjjxNnJSJa5"
                        },
                        "meta": {
                            "schema_version": "1"
                        },
                        "tainted": false
                    },
                    "deposed": [],
                    "provider": "provider.aws"
                },
                "aws_route_table.LAMP_public_rt": {
                    "type": "aws_route_table",
                    "depends_on": [
                        "aws_internet_gateway.LAMP_TF_vpc_inet_gw",
                        "aws_vpc.LAMP_TF_vpc"
                    ],
                    "primary": {
                        "id": "rtb-01c314ce2a0e71d18",
                        "attributes": {
                            "id": "rtb-01c314ce2a0e71d18",
                            "owner_id": "780781222336",
                            "propagating_vgws.#": "0",
                            "route.#": "1",
                            "route.381446983.cidr_block": "0.0.0.0/0",
                            "route.381446983.egress_only_gateway_id": "",
                            "route.381446983.gateway_id": "igw-061f136d115ca3dba",
                            "route.381446983.instance_id": "",
                            "route.381446983.ipv6_cidr_block": "",
                            "route.381446983.nat_gateway_id": "",
                            "route.381446983.network_interface_id": "",
                            "route.381446983.transit_gateway_id": "",
                            "route.381446983.vpc_peering_connection_id": "",
                            "tags.%": "1",
                            "tags.Name": "LAMP_public_rt",
                            "vpc_id": "vpc-037bad088d8eb6a41"
                        },
                        "meta": {},
                        "tainted": false
                    },
                    "deposed": [],
                    "provider": "provider.aws"
                },
                "aws_route_table_association.LAMP_public_rt": {
                    "type": "aws_route_table_association",
                    "depends_on": [
                        "aws_route_table.LAMP_public_rt",
                        "aws_subnet.public_subnet1"
                    ],
                    "primary": {
                        "id": "rtbassoc-097265582f0f9460e",
                        "attributes": {
                            "id": "rtbassoc-097265582f0f9460e",
                            "route_table_id": "rtb-01c314ce2a0e71d18",
                            "subnet_id": "subnet-0705406841eee51c1"
                        },
                        "meta": {},
                        "tainted": false
                    },
                    "deposed": [],
                    "provider": "provider.aws"
                },
                "aws_security_group.LAMP_vpc_db_sg": {
                    "type": "aws_security_group",
                    "depends_on": [
                        "aws_vpc.LAMP_TF_vpc"
                    ],
                    "primary": {
                        "id": "sg-0caf08ea390a35a2b",
                        "attributes": {
                            "arn": "arn:aws:ec2:us-east-2:780781222336:security-group/sg-0caf08ea390a35a2b",
                            "description": "Allow traffic from private subnet",
                            "egress.#": "1",
                            "egress.482069346.cidr_blocks.#": "1",
                            "egress.482069346.cidr_blocks.0": "0.0.0.0/0",
                            "egress.482069346.description": "",
                            "egress.482069346.from_port": "0",
                            "egress.482069346.ipv6_cidr_blocks.#": "0",
                            "egress.482069346.prefix_list_ids.#": "0",
                            "egress.482069346.protocol": "-1",
                            "egress.482069346.security_groups.#": "0",
                            "egress.482069346.self": "false",
                            "egress.482069346.to_port": "0",
                            "id": "sg-0caf08ea390a35a2b",
                            "ingress.#": "3",
                            "ingress.2228005340.cidr_blocks.#": "1",
                            "ingress.2228005340.cidr_blocks.0": "192.168.2.0/24",
                            "ingress.2228005340.description": "",
                            "ingress.2228005340.from_port": "-1",
                            "ingress.2228005340.ipv6_cidr_blocks.#": "0",
                            "ingress.2228005340.prefix_list_ids.#": "0",
                            "ingress.2228005340.protocol": "icmp",
                            "ingress.2228005340.security_groups.#": "0",
                            "ingress.2228005340.self": "false",
                            "ingress.2228005340.to_port": "-1",
                            "ingress.2757534125.cidr_blocks.#": "1",
                            "ingress.2757534125.cidr_blocks.0": "192.168.2.0/24",
                            "ingress.2757534125.description": "",
                            "ingress.2757534125.from_port": "3306",
                            "ingress.2757534125.ipv6_cidr_blocks.#": "0",
                            "ingress.2757534125.prefix_list_ids.#": "0",
                            "ingress.2757534125.protocol": "tcp",
                            "ingress.2757534125.security_groups.#": "0",
                            "ingress.2757534125.self": "false",
                            "ingress.2757534125.to_port": "3306",
                            "ingress.359492644.cidr_blocks.#": "1",
                            "ingress.359492644.cidr_blocks.0": "192.168.2.0/24",
                            "ingress.359492644.description": "",
                            "ingress.359492644.from_port": "22",
                            "ingress.359492644.ipv6_cidr_blocks.#": "0",
                            "ingress.359492644.prefix_list_ids.#": "0",
                            "ingress.359492644.protocol": "tcp",
                            "ingress.359492644.security_groups.#": "0",
                            "ingress.359492644.self": "false",
                            "ingress.359492644.to_port": "22",
                            "name": "LAMP_vpc_db",
                            "owner_id": "780781222336",
                            "revoke_rules_on_delete": "false",
                            "tags.%": "1",
                            "tags.Name": "LAMP DB Server SG",
                            "vpc_id": "vpc-037bad088d8eb6a41"
                        },
                        "meta": {
                            "e2bfb730-ecaa-11e6-8f88-34363bc7c4c0": {
                                "create": 600000000000,
                                "delete": 600000000000
                            },
                            "schema_version": "1"
                        },
                        "tainted": false
                    },
                    "deposed": [],
                    "provider": "provider.aws"
                },
                "aws_security_group.LAMP_vpc_web_sg": {
                    "type": "aws_security_group",
                    "depends_on": [
                        "aws_vpc.LAMP_TF_vpc"
                    ],
                    "primary": {
                        "id": "sg-0aa7f2386a9f3f156",
                        "attributes": {
                            "arn": "arn:aws:ec2:us-east-2:780781222336:security-group/sg-0aa7f2386a9f3f156",
                            "description": "Allow incoming HTTP connections \u0026 SSH access",
                            "egress.#": "1",
                            "egress.482069346.cidr_blocks.#": "1",
                            "egress.482069346.cidr_blocks.0": "0.0.0.0/0",
                            "egress.482069346.description": "",
                            "egress.482069346.from_port": "0",
                            "egress.482069346.ipv6_cidr_blocks.#": "0",
                            "egress.482069346.prefix_list_ids.#": "0",
                            "egress.482069346.protocol": "-1",
                            "egress.482069346.security_groups.#": "0",
                            "egress.482069346.self": "false",
                            "egress.482069346.to_port": "0",
                            "id": "sg-0aa7f2386a9f3f156",
                            "ingress.#": "4",
                            "ingress.1799340084.cidr_blocks.#": "1",
                            "ingress.1799340084.cidr_blocks.0": "0.0.0.0/0",
                            "ingress.1799340084.description": "",
                            "ingress.1799340084.from_port": "-1",
                            "ingress.1799340084.ipv6_cidr_blocks.#": "0",
                            "ingress.1799340084.prefix_list_ids.#": "0",
                            "ingress.1799340084.protocol": "icmp",
                            "ingress.1799340084.security_groups.#": "0",
                            "ingress.1799340084.self": "false",
                            "ingress.1799340084.to_port": "-1",
                            "ingress.2214680975.cidr_blocks.#": "1",
                            "ingress.2214680975.cidr_blocks.0": "0.0.0.0/0",
                            "ingress.2214680975.description": "",
                            "ingress.2214680975.from_port": "80",
                            "ingress.2214680975.ipv6_cidr_blocks.#": "0",
                            "ingress.2214680975.prefix_list_ids.#": "0",
                            "ingress.2214680975.protocol": "tcp",
                            "ingress.2214680975.security_groups.#": "0",
                            "ingress.2214680975.self": "false",
                            "ingress.2214680975.to_port": "80",
                            "ingress.2541437006.cidr_blocks.#": "1",
                            "ingress.2541437006.cidr_blocks.0": "0.0.0.0/0",
                            "ingress.2541437006.description": "",
                            "ingress.2541437006.from_port": "22",
                            "ingress.2541437006.ipv6_cidr_blocks.#": "0",
                            "ingress.2541437006.prefix_list_ids.#": "0",
                            "ingress.2541437006.protocol": "tcp",
                            "ingress.2541437006.security_groups.#": "0",
                            "ingress.2541437006.self": "false",
                            "ingress.2541437006.to_port": "22",
                            "ingress.2617001939.cidr_blocks.#": "1",
                            "ingress.2617001939.cidr_blocks.0": "0.0.0.0/0",
                            "ingress.2617001939.description": "",
                            "ingress.2617001939.from_port": "443",
                            "ingress.2617001939.ipv6_cidr_blocks.#": "0",
                            "ingress.2617001939.prefix_list_ids.#": "0",
                            "ingress.2617001939.protocol": "tcp",
                            "ingress.2617001939.security_groups.#": "0",
                            "ingress.2617001939.self": "false",
                            "ingress.2617001939.to_port": "443",
                            "name": "LAMP_vpc_web",
                            "owner_id": "780781222336",
                            "revoke_rules_on_delete": "false",
                            "tags.%": "1",
                            "tags.Name": "LAMP Web Server SG",
                            "vpc_id": "vpc-037bad088d8eb6a41"
                        },
                        "meta": {
                            "e2bfb730-ecaa-11e6-8f88-34363bc7c4c0": {
                                "create": 600000000000,
                                "delete": 600000000000
                            },
                            "schema_version": "1"
                        },
                        "tainted": false
                    },
                    "deposed": [],
                    "provider": "provider.aws"
                },
                "aws_subnet.public_subnet1": {
                    "type": "aws_subnet",
                    "depends_on": [
                        "aws_vpc.LAMP_TF_vpc"
                    ],
                    "primary": {
                        "id": "subnet-0705406841eee51c1",
                        "attributes": {
                            "arn": "arn:aws:ec2:us-east-2:780781222336:subnet/subnet-0705406841eee51c1",
                            "assign_ipv6_address_on_creation": "false",
                            "availability_zone": "us-east-2c",
                            "availability_zone_id": "use2-az3",
                            "cidr_block": "192.168.2.0/24",
                            "id": "subnet-0705406841eee51c1",
                            "ipv6_cidr_block": "",
                            "ipv6_cidr_block_association_id": "",
                            "map_public_ip_on_launch": "false",
                            "owner_id": "780781222336",
                            "tags.%": "2",
                            "tags.Description": "Web Public Subnet",
                            "tags.Name": "public_subnet1",
                            "vpc_id": "vpc-037bad088d8eb6a41"
                        },
                        "meta": {
                            "e2bfb730-ecaa-11e6-8f88-34363bc7c4c0": {
                                "create": 600000000000,
                                "delete": 600000000000
                            },
                            "schema_version": "1"
                        },
                        "tainted": false
                    },
                    "deposed": [],
                    "provider": "provider.aws"
                },
                "aws_vpc.LAMP_TF_vpc": {
                    "type": "aws_vpc",
                    "depends_on": [],
                    "primary": {
                        "id": "vpc-037bad088d8eb6a41",
                        "attributes": {
                            "arn": "arn:aws:ec2:us-east-2:780781222336:vpc/vpc-037bad088d8eb6a41",
                            "assign_generated_ipv6_cidr_block": "false",
                            "cidr_block": "192.168.0.0/16",
                            "default_network_acl_id": "acl-0f53a8c0074a89149",
                            "default_route_table_id": "rtb-07b1cd2a041e78882",
                            "default_security_group_id": "sg-08434f7e19c3775f5",
                            "dhcp_options_id": "dopt-a75250cf",
                            "enable_dns_hostnames": "false",
                            "enable_dns_support": "true",
                            "id": "vpc-037bad088d8eb6a41",
                            "instance_tenancy": "default",
                            "ipv6_association_id": "",
                            "ipv6_cidr_block": "",
                            "main_route_table_id": "rtb-07b1cd2a041e78882",
                            "owner_id": "780781222336",
                            "tags.%": "4",
                            "tags.Admin": "Vivek P V",
                            "tags.E-mail": "vivekpv@riktech.co.in",
                            "tags.Location": "Bangalore",
                            "tags.Name": "LAMP_TF_vpc"
                        },
                        "meta": {
                            "schema_version": "1"
                        },
                        "tainted": false
                    },
                    "deposed": [],
                    "provider": "provider.aws"
                }
            },
            "depends_on": []
        }
    ]
}
