{
    "version": 3,
    "terraform_version": "0.11.13",
    "serial": 9,
    "lineage": "e7b98ea3-aede-e6a8-945f-09762a19778a",
    "modules": [
        {
            "path": [
                "root"
            ],
            "outputs": {},
            "resources": {
                "aws_eip.LAMP_private_nat": {
                    "type": "aws_eip",
                    "depends_on": [],
                    "primary": {
                        "id": "eipalloc-0554a8621f648634b",
                        "attributes": {
                            "association_id": "eipassoc-016b4fc9d361b6ab8",
                            "domain": "vpc",
                            "id": "eipalloc-0554a8621f648634b",
                            "instance": "",
                            "network_interface": "eni-0e849a365acbaf1dd",
                            "private_dns": "ip-192-168-2-80.us-east-2.compute.internal",
                            "private_ip": "192.168.2.80",
                            "public_dns": "ec2-3-14-94-160.us-east-2.compute.amazonaws.com",
                            "public_ip": "3.14.94.160",
                            "public_ipv4_pool": "amazon",
                            "tags.%": "0",
                            "vpc": "true"
                        },
                        "meta": {
                            "e2bfb730-ecaa-11e6-8f88-34363bc7c4c0": {
                                "delete": 180000000000,
                                "read": 900000000000,
                                "update": 300000000000
                            }
                        },
                        "tainted": false
                    },
                    "deposed": [],
                    "provider": "provider.aws"
                },
                "aws_instance.ansible-server": {
                    "type": "aws_instance",
                    "depends_on": [
                        "aws_key_pair.LAMP_key_pair",
                        "aws_security_group.LAMP_vpc_web_sg",
                        "aws_subnet.public_subnet1"
                    ],
                    "primary": {
                        "id": "i-0141bce8b2060e8bb",
                        "attributes": {
                            "ami": "ami-03a199c8ef85f8f23",
                            "arn": "arn:aws:ec2:us-east-2:780781222336:instance/i-0141bce8b2060e8bb",
                            "associate_public_ip_address": "true",
                            "availability_zone": "us-east-2a",
                            "cpu_core_count": "1",
                            "cpu_threads_per_core": "1",
                            "credit_specification.#": "1",
                            "credit_specification.0.cpu_credits": "standard",
                            "disable_api_termination": "false",
                            "ebs_block_device.#": "0",
                            "ebs_optimized": "false",
                            "ephemeral_block_device.#": "0",
                            "get_password_data": "false",
                            "iam_instance_profile": "",
                            "id": "i-0141bce8b2060e8bb",
                            "instance_state": "running",
                            "instance_type": "t2.micro",
                            "ipv6_address_count": "0",
                            "ipv6_addresses.#": "0",
                            "key_name": "LAMP_kp",
                            "monitoring": "false",
                            "network_interface.#": "0",
                            "password_data": "",
                            "placement_group": "",
                            "primary_network_interface_id": "eni-01e263e0ff5a4e665",
                            "private_dns": "ip-192-168-2-231.us-east-2.compute.internal",
                            "private_ip": "192.168.2.231",
                            "public_dns": "",
                            "public_ip": "18.220.228.226",
                            "root_block_device.#": "1",
                            "root_block_device.0.delete_on_termination": "true",
                            "root_block_device.0.iops": "0",
                            "root_block_device.0.volume_id": "vol-03bcd670905d27559",
                            "root_block_device.0.volume_size": "8",
                            "root_block_device.0.volume_type": "standard",
                            "security_groups.#": "0",
                            "source_dest_check": "false",
                            "subnet_id": "subnet-072b865b2ea59a0ab",
                            "tags.%": "1",
                            "tags.Name": "Ansible Bastion Host",
                            "tenancy": "default",
                            "user_data": "82ae24038905a6032e433d5ef42958410cb03dc0",
                            "volume_tags.%": "0",
                            "vpc_security_group_ids.#": "1",
                            "vpc_security_group_ids.1175446465": "sg-0f963200f222dcb01"
                        },
                        "meta": {
                            "e2bfb730-ecaa-11e6-8f88-34363bc7c4c0": {
                                "create": 600000000000,
                                "delete": 1200000000000,
                                "update": 600000000000
                            },
                            "schema_version": "1"
                        },
                        "tainted": false
                    },
                    "deposed": [],
                    "provider": "provider.aws"
                },
                "aws_instance.apache-web": {
                    "type": "aws_instance",
                    "depends_on": [
                        "aws_key_pair.LAMP_key_pair",
                        "aws_security_group.LAMP_vpc_web_sg",
                        "aws_subnet.public_subnet1"
                    ],
                    "primary": {
                        "id": "i-0a67d6b9a17748e40",
                        "attributes": {
                            "ami": "ami-03a199c8ef85f8f23",
                            "arn": "arn:aws:ec2:us-east-2:780781222336:instance/i-0a67d6b9a17748e40",
                            "associate_public_ip_address": "true",
                            "availability_zone": "us-east-2a",
                            "cpu_core_count": "1",
                            "cpu_threads_per_core": "1",
                            "credit_specification.#": "1",
                            "credit_specification.0.cpu_credits": "standard",
                            "disable_api_termination": "false",
                            "ebs_block_device.#": "0",
                            "ebs_optimized": "false",
                            "ephemeral_block_device.#": "0",
                            "get_password_data": "false",
                            "iam_instance_profile": "",
                            "id": "i-0a67d6b9a17748e40",
                            "instance_state": "running",
                            "instance_type": "t2.micro",
                            "ipv6_address_count": "0",
                            "ipv6_addresses.#": "0",
                            "key_name": "LAMP_kp",
                            "monitoring": "false",
                            "network_interface.#": "0",
                            "password_data": "",
                            "placement_group": "",
                            "primary_network_interface_id": "eni-0bfe5df4c41a7acbc",
                            "private_dns": "ip-192-168-2-162.us-east-2.compute.internal",
                            "private_ip": "192.168.2.162",
                            "public_dns": "",
                            "public_ip": "18.218.206.75",
                            "root_block_device.#": "1",
                            "root_block_device.0.delete_on_termination": "true",
                            "root_block_device.0.iops": "0",
                            "root_block_device.0.volume_id": "vol-02e0964ac2bddb43a",
                            "root_block_device.0.volume_size": "8",
                            "root_block_device.0.volume_type": "standard",
                            "security_groups.#": "0",
                            "source_dest_check": "false",
                            "subnet_id": "subnet-072b865b2ea59a0ab",
                            "tags.%": "1",
                            "tags.Name": "Apache Webserver",
                            "tenancy": "default",
                            "user_data": "82ae24038905a6032e433d5ef42958410cb03dc0",
                            "volume_tags.%": "0",
                            "vpc_security_group_ids.#": "1",
                            "vpc_security_group_ids.1175446465": "sg-0f963200f222dcb01"
                        },
                        "meta": {
                            "e2bfb730-ecaa-11e6-8f88-34363bc7c4c0": {
                                "create": 600000000000,
                                "delete": 1200000000000,
                                "update": 600000000000
                            },
                            "schema_version": "1"
                        },
                        "tainted": false
                    },
                    "deposed": [],
                    "provider": "provider.aws"
                },
                "aws_instance.mysql-db": {
                    "type": "aws_instance",
                    "depends_on": [
                        "aws_key_pair.LAMP_key_pair",
                        "aws_security_group.LAMP_vpc_db_sg",
                        "aws_subnet.private_subnet1"
                    ],
                    "primary": {
                        "id": "i-04b4284ba1009859e",
                        "attributes": {
                            "ami": "ami-03a199c8ef85f8f23",
                            "arn": "arn:aws:ec2:us-east-2:780781222336:instance/i-04b4284ba1009859e",
                            "associate_public_ip_address": "false",
                            "availability_zone": "us-east-2a",
                            "cpu_core_count": "1",
                            "cpu_threads_per_core": "1",
                            "credit_specification.#": "1",
                            "credit_specification.0.cpu_credits": "standard",
                            "disable_api_termination": "false",
                            "ebs_block_device.#": "0",
                            "ebs_optimized": "false",
                            "ephemeral_block_device.#": "0",
                            "get_password_data": "false",
                            "iam_instance_profile": "",
                            "id": "i-04b4284ba1009859e",
                            "instance_state": "running",
                            "instance_type": "t2.micro",
                            "ipv6_address_count": "0",
                            "ipv6_addresses.#": "0",
                            "key_name": "LAMP_kp",
                            "monitoring": "false",
                            "network_interface.#": "0",
                            "password_data": "",
                            "placement_group": "",
                            "primary_network_interface_id": "eni-0345cf5d7830e4225",
                            "private_dns": "ip-192-168-1-74.us-east-2.compute.internal",
                            "private_ip": "192.168.1.74",
                            "public_dns": "",
                            "public_ip": "",
                            "root_block_device.#": "1",
                            "root_block_device.0.delete_on_termination": "true",
                            "root_block_device.0.iops": "0",
                            "root_block_device.0.volume_id": "vol-00f7eae3ae510cb6c",
                            "root_block_device.0.volume_size": "8",
                            "root_block_device.0.volume_type": "standard",
                            "security_groups.#": "0",
                            "source_dest_check": "false",
                            "subnet_id": "subnet-0203d278eac09634b",
                            "tags.%": "1",
                            "tags.Name": "MySQL Database",
                            "tenancy": "default",
                            "user_data": "82ae24038905a6032e433d5ef42958410cb03dc0",
                            "volume_tags.%": "0",
                            "vpc_security_group_ids.#": "1",
                            "vpc_security_group_ids.1198756902": "sg-087968f7ba806cab4"
                        },
                        "meta": {
                            "e2bfb730-ecaa-11e6-8f88-34363bc7c4c0": {
                                "create": 600000000000,
                                "delete": 1200000000000,
                                "update": 600000000000
                            },
                            "schema_version": "1"
                        },
                        "tainted": false
                    },
                    "deposed": [],
                    "provider": "provider.aws"
                },
                "aws_internet_gateway.LAMP_TF_vpc_inet_gw": {
                    "type": "aws_internet_gateway",
                    "depends_on": [
                        "aws_vpc.LAMP_TF_vpc"
                    ],
                    "primary": {
                        "id": "igw-0baf9e55b03c9b277",
                        "attributes": {
                            "id": "igw-0baf9e55b03c9b277",
                            "owner_id": "780781222336",
                            "tags.%": "1",
                            "tags.Name": "LAMP_TF_vpc_inet_gw",
                            "vpc_id": "vpc-0e151d9bc520bfeb2"
                        },
                        "meta": {},
                        "tainted": false
                    },
                    "deposed": [],
                    "provider": "provider.aws"
                },
                "aws_key_pair.LAMP_key_pair": {
                    "type": "aws_key_pair",
                    "depends_on": [],
                    "primary": {
                        "id": "LAMP_kp",
                        "attributes": {
                            "fingerprint": "ff:91:0a:d8:53:c0:b7:8f:47:16:c9:f3:be:1d:d4:83",
                            "id": "LAMP_kp",
                            "key_name": "LAMP_kp",
                            "public_key": "ssh-rsa AAAAB3NzaC1yc2EAAAADAQABAAABAQC8ojnHI/lgpjt5rvs9MTFKaPdxQ86PCF/qTyWnCi9VOAPssr3eZt6kChImy8CM1aLFYyulFjOiL4GJOtKhyfZj/yiNBA/Uw8XmWt0kAApbj0B0EH/HuzrheTh1rnDLDjNCDkmy5G5LElp2wjJOZRYrfcQfDvAqbwEItLO91QnykZadWEDO4gchc4dO918QDIa/+df1oSd9LJ3kEqAq9hF0M9+sFEAefjCmFP7NCpWym8e9fDgQCJp+53dEeeSx+fOB4g5r83aXgv/G6sQJcjiwaM66k+FYVd9d1Mty1gHwvIkL9SvAnxu9LlkVLmBJ5aeHdY986xAACIjjxNnJSJa5"
                        },
                        "meta": {
                            "schema_version": "1"
                        },
                        "tainted": false
                    },
                    "deposed": [],
                    "provider": "provider.aws"
                },
                "aws_nat_gateway.LAMP_TF_vpc_nat_gw": {
                    "type": "aws_nat_gateway",
                    "depends_on": [
                        "aws_eip.LAMP_private_nat",
                        "aws_internet_gateway.LAMP_TF_vpc_inet_gw",
                        "aws_subnet.public_subnet1"
                    ],
                    "primary": {
                        "id": "nat-0382d0b868d3093cc",
                        "attributes": {
                            "allocation_id": "eipalloc-0554a8621f648634b",
                            "id": "nat-0382d0b868d3093cc",
                            "network_interface_id": "eni-0e849a365acbaf1dd",
                            "private_ip": "192.168.2.80",
                            "public_ip": "3.14.94.160",
                            "subnet_id": "subnet-072b865b2ea59a0ab",
                            "tags.%": "1",
                            "tags.Name": "LAMP_TF_vpc_nat_gw"
                        },
                        "meta": {},
                        "tainted": false
                    },
                    "deposed": [],
                    "provider": "provider.aws"
                },
                "aws_route_table.LAMP_private_rt": {
                    "type": "aws_route_table",
                    "depends_on": [
                        "aws_nat_gateway.LAMP_TF_vpc_nat_gw",
                        "aws_vpc.LAMP_TF_vpc"
                    ],
                    "primary": {
                        "id": "rtb-0f9b863b6ef4c5a15",
                        "attributes": {
                            "id": "rtb-0f9b863b6ef4c5a15",
                            "owner_id": "780781222336",
                            "propagating_vgws.#": "0",
                            "route.#": "1",
                            "route.3680299187.cidr_block": "0.0.0.0/0",
                            "route.3680299187.egress_only_gateway_id": "",
                            "route.3680299187.gateway_id": "",
                            "route.3680299187.instance_id": "",
                            "route.3680299187.ipv6_cidr_block": "",
                            "route.3680299187.nat_gateway_id": "nat-0382d0b868d3093cc",
                            "route.3680299187.network_interface_id": "",
                            "route.3680299187.transit_gateway_id": "",
                            "route.3680299187.vpc_peering_connection_id": "",
                            "tags.%": "1",
                            "tags.Name": "LAMP_private_rt",
                            "vpc_id": "vpc-0e151d9bc520bfeb2"
                        },
                        "meta": {},
                        "tainted": false
                    },
                    "deposed": [],
                    "provider": "provider.aws"
                },
                "aws_route_table.LAMP_public_rt": {
                    "type": "aws_route_table",
                    "depends_on": [
                        "aws_internet_gateway.LAMP_TF_vpc_inet_gw",
                        "aws_vpc.LAMP_TF_vpc"
                    ],
                    "primary": {
                        "id": "rtb-08220ade3bf6fea08",
                        "attributes": {
                            "id": "rtb-08220ade3bf6fea08",
                            "owner_id": "780781222336",
                            "propagating_vgws.#": "0",
                            "route.#": "1",
                            "route.888280748.cidr_block": "0.0.0.0/0",
                            "route.888280748.egress_only_gateway_id": "",
                            "route.888280748.gateway_id": "igw-0baf9e55b03c9b277",
                            "route.888280748.instance_id": "",
                            "route.888280748.ipv6_cidr_block": "",
                            "route.888280748.nat_gateway_id": "",
                            "route.888280748.network_interface_id": "",
                            "route.888280748.transit_gateway_id": "",
                            "route.888280748.vpc_peering_connection_id": "",
                            "tags.%": "1",
                            "tags.Name": "LAMP_public_rt",
                            "vpc_id": "vpc-0e151d9bc520bfeb2"
                        },
                        "meta": {},
                        "tainted": false
                    },
                    "deposed": [],
                    "provider": "provider.aws"
                },
                "aws_route_table_association.LAMP_private_rt": {
                    "type": "aws_route_table_association",
                    "depends_on": [
                        "aws_route_table.LAMP_private_rt",
                        "aws_subnet.private_subnet1"
                    ],
                    "primary": {
                        "id": "rtbassoc-05d49109583c4cf47",
                        "attributes": {
                            "id": "rtbassoc-05d49109583c4cf47",
                            "route_table_id": "rtb-0f9b863b6ef4c5a15",
                            "subnet_id": "subnet-0203d278eac09634b"
                        },
                        "meta": {},
                        "tainted": false
                    },
                    "deposed": [],
                    "provider": "provider.aws"
                },
                "aws_route_table_association.LAMP_public_rt": {
                    "type": "aws_route_table_association",
                    "depends_on": [
                        "aws_route_table.LAMP_public_rt",
                        "aws_subnet.public_subnet1"
                    ],
                    "primary": {
                        "id": "rtbassoc-00f7029d01a88668b",
                        "attributes": {
                            "id": "rtbassoc-00f7029d01a88668b",
                            "route_table_id": "rtb-08220ade3bf6fea08",
                            "subnet_id": "subnet-072b865b2ea59a0ab"
                        },
                        "meta": {},
                        "tainted": false
                    },
                    "deposed": [],
                    "provider": "provider.aws"
                },
                "aws_security_group.LAMP_vpc_db_sg": {
                    "type": "aws_security_group",
                    "depends_on": [
                        "aws_vpc.LAMP_TF_vpc"
                    ],
                    "primary": {
                        "id": "sg-087968f7ba806cab4",
                        "attributes": {
                            "arn": "arn:aws:ec2:us-east-2:780781222336:security-group/sg-087968f7ba806cab4",
                            "description": "Allow traffic from private subnet",
                            "egress.#": "1",
                            "egress.482069346.cidr_blocks.#": "1",
                            "egress.482069346.cidr_blocks.0": "0.0.0.0/0",
                            "egress.482069346.description": "",
                            "egress.482069346.from_port": "0",
                            "egress.482069346.ipv6_cidr_blocks.#": "0",
                            "egress.482069346.prefix_list_ids.#": "0",
                            "egress.482069346.protocol": "-1",
                            "egress.482069346.security_groups.#": "0",
                            "egress.482069346.self": "false",
                            "egress.482069346.to_port": "0",
                            "id": "sg-087968f7ba806cab4",
                            "ingress.#": "3",
                            "ingress.2228005340.cidr_blocks.#": "1",
                            "ingress.2228005340.cidr_blocks.0": "192.168.2.0/24",
                            "ingress.2228005340.description": "",
                            "ingress.2228005340.from_port": "-1",
                            "ingress.2228005340.ipv6_cidr_blocks.#": "0",
                            "ingress.2228005340.prefix_list_ids.#": "0",
                            "ingress.2228005340.protocol": "icmp",
                            "ingress.2228005340.security_groups.#": "0",
                            "ingress.2228005340.self": "false",
                            "ingress.2228005340.to_port": "-1",
                            "ingress.2757534125.cidr_blocks.#": "1",
                            "ingress.2757534125.cidr_blocks.0": "192.168.2.0/24",
                            "ingress.2757534125.description": "",
                            "ingress.2757534125.from_port": "3306",
                            "ingress.2757534125.ipv6_cidr_blocks.#": "0",
                            "ingress.2757534125.prefix_list_ids.#": "0",
                            "ingress.2757534125.protocol": "tcp",
                            "ingress.2757534125.security_groups.#": "0",
                            "ingress.2757534125.self": "false",
                            "ingress.2757534125.to_port": "3306",
                            "ingress.359492644.cidr_blocks.#": "1",
                            "ingress.359492644.cidr_blocks.0": "192.168.2.0/24",
                            "ingress.359492644.description": "",
                            "ingress.359492644.from_port": "22",
                            "ingress.359492644.ipv6_cidr_blocks.#": "0",
                            "ingress.359492644.prefix_list_ids.#": "0",
                            "ingress.359492644.protocol": "tcp",
                            "ingress.359492644.security_groups.#": "0",
                            "ingress.359492644.self": "false",
                            "ingress.359492644.to_port": "22",
                            "name": "LAMP_vpc_db",
                            "owner_id": "780781222336",
                            "revoke_rules_on_delete": "false",
                            "tags.%": "1",
                            "tags.Name": "LAMP DB Server SG",
                            "vpc_id": "vpc-0e151d9bc520bfeb2"
                        },
                        "meta": {
                            "e2bfb730-ecaa-11e6-8f88-34363bc7c4c0": {
                                "create": 600000000000,
                                "delete": 600000000000
                            },
                            "schema_version": "1"
                        },
                        "tainted": false
                    },
                    "deposed": [],
                    "provider": "provider.aws"
                },
                "aws_security_group.LAMP_vpc_web_sg": {
                    "type": "aws_security_group",
                    "depends_on": [
                        "aws_vpc.LAMP_TF_vpc"
                    ],
                    "primary": {
                        "id": "sg-0f963200f222dcb01",
                        "attributes": {
                            "arn": "arn:aws:ec2:us-east-2:780781222336:security-group/sg-0f963200f222dcb01",
                            "description": "Allow incoming HTTP connections \u0026 SSH access",
                            "egress.#": "1",
                            "egress.482069346.cidr_blocks.#": "1",
                            "egress.482069346.cidr_blocks.0": "0.0.0.0/0",
                            "egress.482069346.description": "",
                            "egress.482069346.from_port": "0",
                            "egress.482069346.ipv6_cidr_blocks.#": "0",
                            "egress.482069346.prefix_list_ids.#": "0",
                            "egress.482069346.protocol": "-1",
                            "egress.482069346.security_groups.#": "0",
                            "egress.482069346.self": "false",
                            "egress.482069346.to_port": "0",
                            "id": "sg-0f963200f222dcb01",
                            "ingress.#": "4",
                            "ingress.1799340084.cidr_blocks.#": "1",
                            "ingress.1799340084.cidr_blocks.0": "0.0.0.0/0",
                            "ingress.1799340084.description": "",
                            "ingress.1799340084.from_port": "-1",
                            "ingress.1799340084.ipv6_cidr_blocks.#": "0",
                            "ingress.1799340084.prefix_list_ids.#": "0",
                            "ingress.1799340084.protocol": "icmp",
                            "ingress.1799340084.security_groups.#": "0",
                            "ingress.1799340084.self": "false",
                            "ingress.1799340084.to_port": "-1",
                            "ingress.2214680975.cidr_blocks.#": "1",
                            "ingress.2214680975.cidr_blocks.0": "0.0.0.0/0",
                            "ingress.2214680975.description": "",
                            "ingress.2214680975.from_port": "80",
                            "ingress.2214680975.ipv6_cidr_blocks.#": "0",
                            "ingress.2214680975.prefix_list_ids.#": "0",
                            "ingress.2214680975.protocol": "tcp",
                            "ingress.2214680975.security_groups.#": "0",
                            "ingress.2214680975.self": "false",
                            "ingress.2214680975.to_port": "80",
                            "ingress.2541437006.cidr_blocks.#": "1",
                            "ingress.2541437006.cidr_blocks.0": "0.0.0.0/0",
                            "ingress.2541437006.description": "",
                            "ingress.2541437006.from_port": "22",
                            "ingress.2541437006.ipv6_cidr_blocks.#": "0",
                            "ingress.2541437006.prefix_list_ids.#": "0",
                            "ingress.2541437006.protocol": "tcp",
                            "ingress.2541437006.security_groups.#": "0",
                            "ingress.2541437006.self": "false",
                            "ingress.2541437006.to_port": "22",
                            "ingress.2617001939.cidr_blocks.#": "1",
                            "ingress.2617001939.cidr_blocks.0": "0.0.0.0/0",
                            "ingress.2617001939.description": "",
                            "ingress.2617001939.from_port": "443",
                            "ingress.2617001939.ipv6_cidr_blocks.#": "0",
                            "ingress.2617001939.prefix_list_ids.#": "0",
                            "ingress.2617001939.protocol": "tcp",
                            "ingress.2617001939.security_groups.#": "0",
                            "ingress.2617001939.self": "false",
                            "ingress.2617001939.to_port": "443",
                            "name": "LAMP_vpc_web",
                            "owner_id": "780781222336",
                            "revoke_rules_on_delete": "false",
                            "tags.%": "1",
                            "tags.Name": "LAMP Web Server SG",
                            "vpc_id": "vpc-0e151d9bc520bfeb2"
                        },
                        "meta": {
                            "e2bfb730-ecaa-11e6-8f88-34363bc7c4c0": {
                                "create": 600000000000,
                                "delete": 600000000000
                            },
                            "schema_version": "1"
                        },
                        "tainted": false
                    },
                    "deposed": [],
                    "provider": "provider.aws"
                },
                "aws_subnet.private_subnet1": {
                    "type": "aws_subnet",
                    "depends_on": [
                        "aws_vpc.LAMP_TF_vpc"
                    ],
                    "primary": {
                        "id": "subnet-0203d278eac09634b",
                        "attributes": {
                            "arn": "arn:aws:ec2:us-east-2:780781222336:subnet/subnet-0203d278eac09634b",
                            "assign_ipv6_address_on_creation": "false",
                            "availability_zone": "us-east-2a",
                            "availability_zone_id": "use2-az1",
                            "cidr_block": "192.168.1.0/24",
                            "id": "subnet-0203d278eac09634b",
                            "ipv6_cidr_block": "",
                            "ipv6_cidr_block_association_id": "",
                            "map_public_ip_on_launch": "false",
                            "owner_id": "780781222336",
                            "tags.%": "2",
                            "tags.Description": "Subnet for private access to DB",
                            "tags.Name": "private_subnet1",
                            "vpc_id": "vpc-0e151d9bc520bfeb2"
                        },
                        "meta": {
                            "e2bfb730-ecaa-11e6-8f88-34363bc7c4c0": {
                                "create": 600000000000,
                                "delete": 600000000000
                            },
                            "schema_version": "1"
                        },
                        "tainted": false
                    },
                    "deposed": [],
                    "provider": "provider.aws"
                },
                "aws_subnet.public_subnet1": {
                    "type": "aws_subnet",
                    "depends_on": [
                        "aws_vpc.LAMP_TF_vpc"
                    ],
                    "primary": {
                        "id": "subnet-072b865b2ea59a0ab",
                        "attributes": {
                            "arn": "arn:aws:ec2:us-east-2:780781222336:subnet/subnet-072b865b2ea59a0ab",
                            "assign_ipv6_address_on_creation": "false",
                            "availability_zone": "us-east-2a",
                            "availability_zone_id": "use2-az1",
                            "cidr_block": "192.168.2.0/24",
                            "id": "subnet-072b865b2ea59a0ab",
                            "ipv6_cidr_block": "",
                            "ipv6_cidr_block_association_id": "",
                            "map_public_ip_on_launch": "false",
                            "owner_id": "780781222336",
                            "tags.%": "2",
                            "tags.Description": "Web Public Subnet",
                            "tags.Name": "public_subnet1",
                            "vpc_id": "vpc-0e151d9bc520bfeb2"
                        },
                        "meta": {
                            "e2bfb730-ecaa-11e6-8f88-34363bc7c4c0": {
                                "create": 600000000000,
                                "delete": 600000000000
                            },
                            "schema_version": "1"
                        },
                        "tainted": false
                    },
                    "deposed": [],
                    "provider": "provider.aws"
                },
                "aws_vpc.LAMP_TF_vpc": {
                    "type": "aws_vpc",
                    "depends_on": [],
                    "primary": {
                        "id": "vpc-0e151d9bc520bfeb2",
                        "attributes": {
                            "arn": "arn:aws:ec2:us-east-2:780781222336:vpc/vpc-0e151d9bc520bfeb2",
                            "assign_generated_ipv6_cidr_block": "false",
                            "cidr_block": "192.168.0.0/16",
                            "default_network_acl_id": "acl-05d9e4fa8a7508e5c",
                            "default_route_table_id": "rtb-0ae3cfef4fe10ccb2",
                            "default_security_group_id": "sg-0ff0ccc2b8a0f89ac",
                            "dhcp_options_id": "dopt-a75250cf",
                            "enable_dns_hostnames": "false",
                            "enable_dns_support": "true",
                            "id": "vpc-0e151d9bc520bfeb2",
                            "instance_tenancy": "default",
                            "ipv6_association_id": "",
                            "ipv6_cidr_block": "",
                            "main_route_table_id": "rtb-0ae3cfef4fe10ccb2",
                            "owner_id": "780781222336",
                            "tags.%": "4",
                            "tags.Admin": "Vivek P V",
                            "tags.E-mail": "vivekpv@riktech.co.in",
                            "tags.Location": "Bangalore",
                            "tags.Name": "LAMP_TF_vpc"
                        },
                        "meta": {
                            "schema_version": "1"
                        },
                        "tainted": false
                    },
                    "deposed": [],
                    "provider": "provider.aws"
                }
            },
            "depends_on": []
        }
    ]
}
